
Microsoft Visual Studio Solution File, Format Version 12.00
# Visual Studio 15
VisualStudioVersion = 15.0.28307.489
MinimumVisualStudioVersion = 10.0.40219.1
Project("{FAE04EC0-301F-11D3-BF4B-00C04F79EFBC}") = "OneStop", "OneStop\OneStop.csproj", "{DDF84036-B775-4774-AC1E-A4573192B1BE}"
EndProject
Global
	GlobalSection(SolutionConfigurationPlatforms) = preSolution
		Debug|Any CPU = Debug|Any CPU
		Release|Any CPU = Release|Any CPU
	EndGlobalSection
	GlobalSection(ProjectConfigurationPlatforms) = postSolution
		{DDF84036-B775-4774-AC1E-A4573192B1BE}.Debug|Any CPU.ActiveCfg = Debug|Any CPU
		{DDF84036-B775-4774-AC1E-A4573192B1BE}.Debug|Any CPU.Build.0 = Debug|Any CPU
		{DDF84036-B775-4774-AC1E-A4573192B1BE}.Release|Any CPU.ActiveCfg = Release|Any CPU
		{DDF84036-B775-4774-AC1E-A4573192B1BE}.Release|Any CPU.Build.0 = Release|Any CPU
	EndGlobalSection
	GlobalSection(SolutionProperties) = preSolution
		HideSolutionNode = FALSE
	EndGlobalSection
	GlobalSection(ExtensibilityGlobals) = postSolution
		SolutionGuid = {9262678D-3794-4D01-88C1-24874CEB1460}
	EndGlobalSection
EndGlobal
